
Microsoft Visual Studio Solution File, Format Version 12.00
# Visual Studio 15
VisualStudioVersion = 15.0.27428.2002
MinimumVisualStudioVersion = 10.0.40219.1
Project("{FAE04EC0-301F-11D3-BF4B-00C04F79EFBC}") = "NeuralNetworkSample.WPF", "NeuralNetworkSample.WPF\NeuralNetworkSample.WPF.csproj", "{AEB93AC2-D299-4134-9D9C-4E99E3775DF2}"
EndProject
Project("{FAE04EC0-301F-11D3-BF4B-00C04F79EFBC}") = "NeuralNetwork.Core", "NeuralNetwork.Core\NeuralNetwork.Core.csproj", "{35F12C66-5EE2-4245-968D-7B23CE181D7E}"
EndProject
Project("{2150E333-8FDC-42A3-9474-1A3956D46DE8}") = "Solution Items", "Solution Items", "{0F5EC748-587D-44D7-85FB-9559CF49E820}"
	ProjectSection(SolutionItems) = preProject
		AI61.pdf = AI61.pdf
		ClassDiagram.asta = ClassDiagram.asta
		README.md = README.md
	EndProjectSection
EndProject
Global
	GlobalSection(SolutionConfigurationPlatforms) = preSolution
		Debug|Any CPU = Debug|Any CPU
		Release|Any CPU = Release|Any CPU
	EndGlobalSection
	GlobalSection(ProjectConfigurationPlatforms) = postSolution
		{AEB93AC2-D299-4134-9D9C-4E99E3775DF2}.Debug|Any CPU.ActiveCfg = Debug|Any CPU
		{AEB93AC2-D299-4134-9D9C-4E99E3775DF2}.Debug|Any CPU.Build.0 = Debug|Any CPU
		{AEB93AC2-D299-4134-9D9C-4E99E3775DF2}.Release|Any CPU.ActiveCfg = Release|Any CPU
		{AEB93AC2-D299-4134-9D9C-4E99E3775DF2}.Release|Any CPU.Build.0 = Release|Any CPU
		{35F12C66-5EE2-4245-968D-7B23CE181D7E}.Debug|Any CPU.ActiveCfg = Debug|Any CPU
		{35F12C66-5EE2-4245-968D-7B23CE181D7E}.Debug|Any CPU.Build.0 = Debug|Any CPU
		{35F12C66-5EE2-4245-968D-7B23CE181D7E}.Release|Any CPU.ActiveCfg = Release|Any CPU
		{35F12C66-5EE2-4245-968D-7B23CE181D7E}.Release|Any CPU.Build.0 = Release|Any CPU
	EndGlobalSection
	GlobalSection(SolutionProperties) = preSolution
		HideSolutionNode = FALSE
	EndGlobalSection
	GlobalSection(ExtensibilityGlobals) = postSolution
		SolutionGuid = {0D58DB2D-C3BF-47A5-A96B-FAB0D23AE124}
	EndGlobalSection
EndGlobal
